// !$*UTF8*$!
{
	archiveVersion = 1;
	classes = {
	};
	objectVersion = 50;
	objects = {

/* Begin PBXBuildFile section */
		3DB1F0732555EA6B00030D16 /* AppDelegate.swift in Sources */ = {isa = PBXBuildFile; fileRef = 3DB1F0722555EA6B00030D16 /* AppDelegate.swift */; };
		3DB1F0752555EA6B00030D16 /* SceneDelegate.swift in Sources */ = {isa = PBXBuildFile; fileRef = 3DB1F0742555EA6B00030D16 /* SceneDelegate.swift */; };
		3DB1F0772555EA6B00030D16 /* ViewController.swift in Sources */ = {isa = PBXBuildFile; fileRef = 3DB1F0762555EA6B00030D16 /* ViewController.swift */; };
		3DB1F07A2555EA6B00030D16 /* Main.storyboard in Resources */ = {isa = PBXBuildFile; fileRef = 3DB1F0782555EA6B00030D16 /* Main.storyboard */; };
		3DB1F07C2555EA7200030D16 /* Assets.xcassets in Resources */ = {isa = PBXBuildFile; fileRef = 3DB1F07B2555EA7200030D16 /* Assets.xcassets */; };
		3DB1F07F2555EA7200030D16 /* LaunchScreen.storyboard in Resources */ = {isa = PBXBuildFile; fileRef = 3DB1F07D2555EA7200030D16 /* LaunchScreen.storyboard */; };
		3DB1F08A2555EA7200030D16 /* TableViewsContraintsTests.swift in Sources */ = {isa = PBXBuildFile; fileRef = 3DB1F0892555EA7200030D16 /* TableViewsContraintsTests.swift */; };
		3DB1F0952555EA7200030D16 /* TableViewsContraintsUITests.swift in Sources */ = {isa = PBXBuildFile; fileRef = 3DB1F0942555EA7200030D16 /* TableViewsContraintsUITests.swift */; };
		3DB1F0A72555F4C400030D16 /* Restaurante.swift in Sources */ = {isa = PBXBuildFile; fileRef = 3DB1F0A62555F4C400030D16 /* Restaurante.swift */; };
/* End PBXBuildFile section */

/* Begin PBXContainerItemProxy section */
		3DB1F0862555EA7200030D16 /* PBXContainerItemProxy */ = {
			isa = PBXContainerItemProxy;
			containerPortal = 3DB1F0672555EA6B00030D16 /* Project object */;
			proxyType = 1;
			remoteGlobalIDString = 3DB1F06E2555EA6B00030D16;
			remoteInfo = TableViewsContraints;
		};
		3DB1F0912555EA7200030D16 /* PBXContainerItemProxy */ = {
			isa = PBXContainerItemProxy;
			containerPortal = 3DB1F0672555EA6B00030D16 /* Project object */;
			proxyType = 1;
			remoteGlobalIDString = 3DB1F06E2555EA6B00030D16;
			remoteInfo = TableViewsContraints;
		};
/* End PBXContainerItemProxy section */

/* Begin PBXFileReference section */
		3DB1F06F2555EA6B00030D16 /* TableViewsContraints.app */ = {isa = PBXFileReference; explicitFileType = wrapper.application; includeInIndex = 0; path = TableViewsContraints.app; sourceTree = BUILT_PRODUCTS_DIR; };
		3DB1F0722555EA6B00030D16 /* AppDelegate.swift */ = {isa = PBXFileReference; lastKnownFileType = sourcecode.swift; path = AppDelegate.swift; sourceTree = "<group>"; };
		3DB1F0742555EA6B00030D16 /* SceneDelegate.swift */ = {isa = PBXFileReference; lastKnownFileType = sourcecode.swift; path = SceneDelegate.swift; sourceTree = "<group>"; };
		3DB1F0762555EA6B00030D16 /* ViewController.swift */ = {isa = PBXFileReference; lastKnownFileType = sourcecode.swift; path = ViewController.swift; sourceTree = "<group>"; };
		3DB1F0792555EA6B00030D16 /* Base */ = {isa = PBXFileReference; lastKnownFileType = file.storyboard; name = Base; path = Base.lproj/Main.storyboard; sourceTree = "<group>"; };
		3DB1F07B2555EA7200030D16 /* Assets.xcassets */ = {isa = PBXFileReference; lastKnownFileType = folder.assetcatalog; path = Assets.xcassets; sourceTree = "<group>"; };
		3DB1F07E2555EA7200030D16 /* Base */ = {isa = PBXFileReference; lastKnownFileType = file.storyboard; name = Base; path = Base.lproj/LaunchScreen.storyboard; sourceTree = "<group>"; };
		3DB1F0802555EA7200030D16 /* Info.plist */ = {isa = PBXFileReference; lastKnownFileType = text.plist.xml; path = Info.plist; sourceTree = "<group>"; };
		3DB1F0852555EA7200030D16 /* TableViewsContraintsTests.xctest */ = {isa = PBXFileReference; explicitFileType = wrapper.cfbundle; includeInIndex = 0; path = TableViewsContraintsTests.xctest; sourceTree = BUILT_PRODUCTS_DIR; };
		3DB1F0892555EA7200030D16 /* TableViewsContraintsTests.swift */ = {isa = PBXFileReference; lastKnownFileType = sourcecode.swift; path = TableViewsContraintsTests.swift; sourceTree = "<group>"; };
		3DB1F08B2555EA7200030D16 /* Info.plist */ = {isa = PBXFileReference; lastKnownFileType = text.plist.xml; path = Info.plist; sourceTree = "<group>"; };
		3DB1F0902555EA7200030D16 /* TableViewsContraintsUITests.xctest */ = {isa = PBXFileReference; explicitFileType = wrapper.cfbundle; includeInIndex = 0; path = TableViewsContraintsUITests.xctest; sourceTree = BUILT_PRODUCTS_DIR; };
		3DB1F0942555EA7200030D16 /* TableViewsContraintsUITests.swift */ = {isa = PBXFileReference; lastKnownFileType = sourcecode.swift; path = TableViewsContraintsUITests.swift; sourceTree = "<group>"; };
		3DB1F0962555EA7200030D16 /* Info.plist */ = {isa = PBXFileReference; lastKnownFileType = text.plist.xml; path = Info.plist; sourceTree = "<group>"; };
		3DB1F0A62555F4C400030D16 /* Restaurante.swift */ = {isa = PBXFileReference; lastKnownFileType = sourcecode.swift; path = Restaurante.swift; sourceTree = "<group>"; };
/* End PBXFileReference section */

/* Begin PBXFrameworksBuildPhase section */
		3DB1F06C2555EA6B00030D16 /* Frameworks */ = {
			isa = PBXFrameworksBuildPhase;
			buildActionMask = 2147483647;
			files = (
			);
			runOnlyForDeploymentPostprocessing = 0;
		};
		3DB1F0822555EA7200030D16 /* Frameworks */ = {
			isa = PBXFrameworksBuildPhase;
			buildActionMask = 2147483647;
			files = (
			);
			runOnlyForDeploymentPostprocessing = 0;
		};
		3DB1F08D2555EA7200030D16 /* Frameworks */ = {
			isa = PBXFrameworksBuildPhase;
			buildActionMask = 2147483647;
			files = (
			);
			runOnlyForDeploymentPostprocessing = 0;
		};
/* End PBXFrameworksBuildPhase section */

/* Begin PBXGroup section */
		3DB1F0662555EA6B00030D16 = {
			isa = PBXGroup;
			children = (
				3DB1F0712555EA6B00030D16 /* TableViewsContraints */,
				3DB1F0882555EA7200030D16 /* TableViewsContraintsTests */,
				3DB1F0932555EA7200030D16 /* TableViewsContraintsUITests */,
				3DB1F0702555EA6B00030D16 /* Products */,
			);
			sourceTree = "<group>";
		};
		3DB1F0702555EA6B00030D16 /* Products */ = {
			isa = PBXGroup;
			children = (
				3DB1F06F2555EA6B00030D16 /* TableViewsContraints.app */,
				3DB1F0852555EA7200030D16 /* TableViewsContraintsTests.xctest */,
				3DB1F0902555EA7200030D16 /* TableViewsContraintsUITests.xctest */,
			);
			name = Products;
			sourceTree = "<group>";
		};
		3DB1F0712555EA6B00030D16 /* TableViewsContraints */ = {
			isa = PBXGroup;
			children = (
				3DB1F0A52555F49000030D16 /* Models */,
				3DB1F0A42555F47200030D16 /* Controllers */,
				3DB1F0A22555F41100030D16 /* Storyboards */,
				3DB1F0722555EA6B00030D16 /* AppDelegate.swift */,
				3DB1F0742555EA6B00030D16 /* SceneDelegate.swift */,
				3DB1F07B2555EA7200030D16 /* Assets.xcassets */,
				3DB1F0802555EA7200030D16 /* Info.plist */,
			);
			path = TableViewsContraints;
			sourceTree = "<group>";
		};
		3DB1F0882555EA7200030D16 /* TableViewsContraintsTests */ = {
			isa = PBXGroup;
			children = (
				3DB1F0892555EA7200030D16 /* TableViewsContraintsTests.swift */,
				3DB1F08B2555EA7200030D16 /* Info.plist */,
			);
			path = TableViewsContraintsTests;
			sourceTree = "<group>";
		};
		3DB1F0932555EA7200030D16 /* TableViewsContraintsUITests */ = {
			isa = PBXGroup;
			children = (
				3DB1F0942555EA7200030D16 /* TableViewsContraintsUITests.swift */,
				3DB1F0962555EA7200030D16 /* Info.plist */,
			);
			path = TableViewsContraintsUITests;
			sourceTree = "<group>";
		};
		3DB1F0A22555F41100030D16 /* Storyboards */ = {
			isa = PBXGroup;
			children = (
				3DB1F0782555EA6B00030D16 /* Main.storyboard */,
				3DB1F07D2555EA7200030D16 /* LaunchScreen.storyboard */,
			);
			name = Storyboards;
			sourceTree = "<group>";
		};
		3DB1F0A42555F47200030D16 /* Controllers */ = {
			isa = PBXGroup;
			children = (
				3DB1F0762555EA6B00030D16 /* ViewController.swift */,
			);
			name = Controllers;
			sourceTree = "<group>";
		};
		3DB1F0A52555F49000030D16 /* Models */ = {
			isa = PBXGroup;
			children = (
				3DB1F0A62555F4C400030D16 /* Restaurante.swift */,
			);
			name = Models;
			sourceTree = "<group>";
		};
/* End PBXGroup section */

/* Begin PBXNativeTarget section */
		3DB1F06E2555EA6B00030D16 /* TableViewsContraints */ = {
			isa = PBXNativeTarget;
			buildConfigurationList = 3DB1F0992555EA7200030D16 /* Build configuration list for PBXNativeTarget "TableViewsContraints" */;
			buildPhases = (
				3DB1F06B2555EA6B00030D16 /* Sources */,
				3DB1F06C2555EA6B00030D16 /* Frameworks */,
				3DB1F06D2555EA6B00030D16 /* Resources */,
			);
			buildRules = (
			);
			dependencies = (
			);
			name = TableViewsContraints;
			productName = TableViewsContraints;
			productReference = 3DB1F06F2555EA6B00030D16 /* TableViewsContraints.app */;
			productType = "com.apple.product-type.application";
		};
		3DB1F0842555EA7200030D16 /* TableViewsContraintsTests */ = {
			isa = PBXNativeTarget;
			buildConfigurationList = 3DB1F09C2555EA7200030D16 /* Build configuration list for PBXNativeTarget "TableViewsContraintsTests" */;
			buildPhases = (
				3DB1F0812555EA7200030D16 /* Sources */,
				3DB1F0822555EA7200030D16 /* Frameworks */,
				3DB1F0832555EA7200030D16 /* Resources */,
			);
			buildRules = (
			);
			dependencies = (
				3DB1F0872555EA7200030D16 /* PBXTargetDependency */,
			);
			name = TableViewsContraintsTests;
			productName = TableViewsContraintsTests;
			productReference = 3DB1F0852555EA7200030D16 /* TableViewsContraintsTests.xctest */;
			productType = "com.apple.product-type.bundle.unit-test";
		};
		3DB1F08F2555EA7200030D16 /* TableViewsContraintsUITests */ = {
			isa = PBXNativeTarget;
			buildConfigurationList = 3DB1F09F2555EA7200030D16 /* Build configuration list for PBXNativeTarget "TableViewsContraintsUITests" */;
			buildPhases = (
				3DB1F08C2555EA7200030D16 /* Sources */,
				3DB1F08D2555EA7200030D16 /* Frameworks */,
				3DB1F08E2555EA7200030D16 /* Resources */,
			);
			buildRules = (
			);
			dependencies = (
				3DB1F0922555EA7200030D16 /* PBXTargetDependency */,
			);
			name = TableViewsContraintsUITests;
			productName = TableViewsContraintsUITests;
			productReference = 3DB1F0902555EA7200030D16 /* TableViewsContraintsUITests.xctest */;
			productType = "com.apple.product-type.bundle.ui-testing";
		};
/* End PBXNativeTarget section */

/* Begin PBXProject section */
		3DB1F0672555EA6B00030D16 /* Project object */ = {
			isa = PBXProject;
			attributes = {
				LastSwiftUpdateCheck = 1130;
				LastUpgradeCheck = 1130;
				ORGANIZATIONNAME = Alumno;
				TargetAttributes = {
					3DB1F06E2555EA6B00030D16 = {
						CreatedOnToolsVersion = 11.3.1;
					};
					3DB1F0842555EA7200030D16 = {
						CreatedOnToolsVersion = 11.3.1;
						TestTargetID = 3DB1F06E2555EA6B00030D16;
					};
					3DB1F08F2555EA7200030D16 = {
						CreatedOnToolsVersion = 11.3.1;
						TestTargetID = 3DB1F06E2555EA6B00030D16;
					};
				};
			};
			buildConfigurationList = 3DB1F06A2555EA6B00030D16 /* Build configuration list for PBXProject "TableViewsContraints" */;
			compatibilityVersion = "Xcode 9.3";
			developmentRegion = en;
			hasScannedForEncodings = 0;
			knownRegions = (
				en,
				Base,
			);
			mainGroup = 3DB1F0662555EA6B00030D16;
			productRefGroup = 3DB1F0702555EA6B00030D16 /* Products */;
			projectDirPath = "";
			projectRoot = "";
			targets = (
				3DB1F06E2555EA6B00030D16 /* TableViewsContraints */,
				3DB1F0842555EA7200030D16 /* TableViewsContraintsTests */,
				3DB1F08F2555EA7200030D16 /* TableViewsContraintsUITests */,
			);
		};
/* End PBXProject section */

/* Begin PBXResourcesBuildPhase section */
		3DB1F06D2555EA6B00030D16 /* Resources */ = {
			isa = PBXResourcesBuildPhase;
			buildActionMask = 2147483647;
			files = (
				3DB1F07F2555EA7200030D16 /* LaunchScreen.storyboard in Resources */,
				3DB1F07C2555EA7200030D16 /* Assets.xcassets in Resources */,
				3DB1F07A2555EA6B00030D16 /* Main.storyboard in Resources */,
			);
			runOnlyForDeploymentPostprocessing = 0;
		};
		3DB1F0832555EA7200030D16 /* Resources */ = {
			isa = PBXResourcesBuildPhase;
			buildActionMask = 2147483647;
			files = (
			);
			runOnlyForDeploymentPostprocessing = 0;
		};
		3DB1F08E2555EA7200030D16 /* Resources */ = {
			isa = PBXResourcesBuildPhase;
			buildActionMask = 2147483647;
			files = (
			);
			runOnlyForDeploymentPostprocessing = 0;
		};
/* End PBXResourcesBuildPhase section */

/* Begin PBXSourcesBuildPhase section */
		3DB1F06B2555EA6B00030D16 /* Sources */ = {
			isa = PBXSourcesBuildPhase;
			buildActionMask = 2147483647;
			files = (
				3DB1F0772555EA6B00030D16 /* ViewController.swift in Sources */,
				3DB1F0732555EA6B00030D16 /* AppDelegate.swift in Sources */,
				3DB1F0A72555F4C400030D16 /* Restaurante.swift in Sources */,
				3DB1F0752555EA6B00030D16 /* SceneDelegate.swift in Sources */,
			);
			runOnlyForDeploymentPostprocessing = 0;
		};
		3DB1F0812555EA7200030D16 /* Sources */ = {
			isa = PBXSourcesBuildPhase;
			buildActionMask = 2147483647;
			files = (
				3DB1F08A2555EA7200030D16 /* TableViewsContraintsTests.swift in Sources */,
			);
			runOnlyForDeploymentPostprocessing = 0;
		};
		3DB1F08C2555EA7200030D16 /* Sources */ = {
			isa = PBXSourcesBuildPhase;
			buildActionMask = 2147483647;
			files = (
				3DB1F0952555EA7200030D16 /* TableViewsContraintsUITests.swift in Sources */,
			);
			runOnlyForDeploymentPostprocessing = 0;
		};
/* End PBXSourcesBuildPhase section */

/* Begin PBXTargetDependency section */
		3DB1F0872555EA7200030D16 /* PBXTargetDependency */ = {
			isa = PBXTargetDependency;
			target = 3DB1F06E2555EA6B00030D16 /* TableViewsContraints */;
			targetProxy = 3DB1F0862555EA7200030D16 /* PBXContainerItemProxy */;
		};
		3DB1F0922555EA7200030D16 /* PBXTargetDependency */ = {
			isa = PBXTargetDependency;
			target = 3DB1F06E2555EA6B00030D16 /* TableViewsContraints */;
			targetProxy = 3DB1F0912555EA7200030D16 /* PBXContainerItemProxy */;
		};
/* End PBXTargetDependency section */

/* Begin PBXVariantGroup section */
		3DB1F0782555EA6B00030D16 /* Main.storyboard */ = {
			isa = PBXVariantGroup;
			children = (
				3DB1F0792555EA6B00030D16 /* Base */,
			);
			name = Main.storyboard;
			sourceTree = "<group>";
		};
		3DB1F07D2555EA7200030D16 /* LaunchScreen.storyboard */ = {
			isa = PBXVariantGroup;
			children = (
				3DB1F07E2555EA7200030D16 /* Base */,
			);
			name = LaunchScreen.storyboard;
			sourceTree = "<group>";
		};
/* End PBXVariantGroup section */

/* Begin XCBuildConfiguration section */
		3DB1F0972555EA7200030D16 /* Debug */ = {
			isa = XCBuildConfiguration;
			buildSettings = {
				ALWAYS_SEARCH_USER_PATHS = NO;
				CLANG_ANALYZER_NONNULL = YES;
				CLANG_ANALYZER_NUMBER_OBJECT_CONVERSION = YES_AGGRESSIVE;
				CLANG_CXX_LANGUAGE_STANDARD = "gnu++14";
				CLANG_CXX_LIBRARY = "libc++";
				CLANG_ENABLE_MODULES = YES;
				CLANG_ENABLE_OBJC_ARC = YES;
				CLANG_ENABLE_OBJC_WEAK = YES;
				CLANG_WARN_BLOCK_CAPTURE_AUTORELEASING = YES;
				CLANG_WARN_BOOL_CONVERSION = YES;
				CLANG_WARN_COMMA = YES;
				CLANG_WARN_CONSTANT_CONVERSION = YES;
				CLANG_WARN_DEPRECATED_OBJC_IMPLEMENTATIONS = YES;
				CLANG_WARN_DIRECT_OBJC_ISA_USAGE = YES_ERROR;
				CLANG_WARN_DOCUMENTATION_COMMENTS = YES;
				CLANG_WARN_EMPTY_BODY = YES;
				CLANG_WARN_ENUM_CONVERSION = YES;
				CLANG_WARN_INFINITE_RECURSION = YES;
				CLANG_WARN_INT_CONVERSION = YES;
				CLANG_WARN_NON_LITERAL_NULL_CONVERSION = YES;
				CLANG_WARN_OBJC_IMPLICIT_RETAIN_SELF = YES;
				CLANG_WARN_OBJC_LITERAL_CONVERSION = YES;
				CLANG_WARN_OBJC_ROOT_CLASS = YES_ERROR;
				CLANG_WARN_RANGE_LOOP_ANALYSIS = YES;
				CLANG_WARN_STRICT_PROTOTYPES = YES;
				CLANG_WARN_SUSPICIOUS_MOVE = YES;
				CLANG_WARN_UNGUARDED_AVAILABILITY = YES_AGGRESSIVE;
				CLANG_WARN_UNREACHABLE_CODE = YES;
				CLANG_WARN__DUPLICATE_METHOD_MATCH = YES;
				COPY_PHASE_STRIP = NO;
				DEBUG_INFORMATION_FORMAT = dwarf;
				ENABLE_STRICT_OBJC_MSGSEND = YES;
				ENABLE_TESTABILITY = YES;
				GCC_C_LANGUAGE_STANDARD = gnu11;
				GCC_DYNAMIC_NO_PIC = NO;
				GCC_NO_COMMON_BLOCKS = YES;
				GCC_OPTIMIZATION_LEVEL = 0;
				GCC_PREPROCESSOR_DEFINITIONS = (
					"DEBUG=1",
					"$(inherited)",
				);
				GCC_WARN_64_TO_32_BIT_CONVERSION = YES;
				GCC_WARN_ABOUT_RETURN_TYPE = YES_ERROR;
				GCC_WARN_UNDECLARED_SELECTOR = YES;
				GCC_WARN_UNINITIALIZED_AUTOS = YES_AGGRESSIVE;
				GCC_WARN_UNUSED_FUNCTION = YES;
				GCC_WARN_UNUSED_VARIABLE = YES;
				IPHONEOS_DEPLOYMENT_TARGET = 13.2;
				MTL_ENABLE_DEBUG_INFO = INCLUDE_SOURCE;
				MTL_FAST_MATH = YES;
				ONLY_ACTIVE_ARCH = YES;
				SDKROOT = iphoneos;
				SWIFT_ACTIVE_COMPILATION_CONDITIONS = DEBUG;
				SWIFT_OPTIMIZATION_LEVEL = "-Onone";
			};
			name = Debug;
		};
		3DB1F0982555EA7200030D16 /* Release */ = {
			isa = XCBuildConfiguration;
			buildSettings = {
				ALWAYS_SEARCH_USER_PATHS = NO;
				CLANG_ANALYZER_NONNULL = YES;
				CLANG_ANALYZER_NUMBER_OBJECT_CONVERSION = YES_AGGRESSIVE;
				CLANG_CXX_LANGUAGE_STANDARD = "gnu++14";
				CLANG_CXX_LIBRARY = "libc++";
				CLANG_ENABLE_MODULES = YES;
				CLANG_ENABLE_OBJC_ARC = YES;
				CLANG_ENABLE_OBJC_WEAK = YES;
				CLANG_WARN_BLOCK_CAPTURE_AUTORELEASING = YES;
				CLANG_WARN_BOOL_CONVERSION = YES;
				CLANG_WARN_COMMA = YES;
				CLANG_WARN_CONSTANT_CONVERSION = YES;
				CLANG_WARN_DEPRECATED_OBJC_IMPLEMENTATIONS = YES;
				CLANG_WARN_DIRECT_OBJC_ISA_USAGE = YES_ERROR;
				CLANG_WARN_DOCUMENTATION_COMMENTS = YES;
				CLANG_WARN_EMPTY_BODY = YES;
				CLANG_WARN_ENUM_CONVERSION = YES;
				CLANG_WARN_INFINITE_RECURSION = YES;
				CLANG_WARN_INT_CONVERSION = YES;
				CLANG_WARN_NON_LITERAL_NULL_CONVERSION = YES;
				CLANG_WARN_OBJC_IMPLICIT_RETAIN_SELF = YES;
				CLANG_WARN_OBJC_LITERAL_CONVERSION = YES;
				CLANG_WARN_OBJC_ROOT_CLASS = YES_ERROR;
				CLANG_WARN_RANGE_LOOP_ANALYSIS = YES;
				CLANG_WARN_STRICT_PROTOTYPES = YES;
				CLANG_WARN_SUSPICIOUS_MOVE = YES;
				CLANG_WARN_UNGUARDED_AVAILABILITY = YES_AGGRESSIVE;
				CLANG_WARN_UNREACHABLE_CODE = YES;
				CLANG_WARN__DUPLICATE_METHOD_MATCH = YES;
				COPY_PHASE_STRIP = NO;
				DEBUG_INFORMATION_FORMAT = "dwarf-with-dsym";
				ENABLE_NS_ASSERTIONS = NO;
				ENABLE_STRICT_OBJC_MSGSEND = YES;
				GCC_C_LANGUAGE_STANDARD = gnu11;
				GCC_NO_COMMON_BLOCKS = YES;
				GCC_WARN_64_TO_32_BIT_CONVERSION = YES;
				GCC_WARN_ABOUT_RETURN_TYPE = YES_ERROR;
				GCC_WARN_UNDECLARED_SELECTOR = YES;
				GCC_WARN_UNINITIALIZED_AUTOS = YES_AGGRESSIVE;
				GCC_WARN_UNUSED_FUNCTION = YES;
				GCC_WARN_UNUSED_VARIABLE = YES;
				IPHONEOS_DEPLOYMENT_TARGET = 13.2;
				MTL_ENABLE_DEBUG_INFO = NO;
				MTL_FAST_MATH = YES;
				SDKROOT = iphoneos;
				SWIFT_COMPILATION_MODE = wholemodule;
				SWIFT_OPTIMIZATION_LEVEL = "-O";
				VALIDATE_PRODUCT = YES;
			};
			name = Release;
		};
		3DB1F09A2555EA7200030D16 /* Debug */ = {
			isa = XCBuildConfiguration;
			buildSettings = {
				ASSETCATALOG_COMPILER_APPICON_NAME = AppIcon;
				CODE_SIGN_STYLE = Automatic;
				INFOPLIST_FILE = TableViewsContraints/Info.plist;
				LD_RUNPATH_SEARCH_PATHS = (
					"$(inherited)",
					"@executable_path/Frameworks",
				);
				PRODUCT_BUNDLE_IDENTIFIER = edu.ulsa.TableViewsContraints;
				PRODUCT_NAME = "$(TARGET_NAME)";
				SWIFT_VERSION = 5.0;
				TARGETED_DEVICE_FAMILY = "1,2";
			};
			name = Debug;
		};
		3DB1F09B2555EA7200030D16 /* Release */ = {
			isa = XCBuildConfiguration;
			buildSettings = {
				ASSETCATALOG_COMPILER_APPICON_NAME = AppIcon;
				CODE_SIGN_STYLE = Automatic;
				INFOPLIST_FILE = TableViewsContraints/Info.plist;
				LD_RUNPATH_SEARCH_PATHS = (
					"$(inherited)",
					"@executable_path/Frameworks",
				);
				PRODUCT_BUNDLE_IDENTIFIER = edu.ulsa.TableViewsContraints;
				PRODUCT_NAME = "$(TARGET_NAME)";
				SWIFT_VERSION = 5.0;
				TARGETED_DEVICE_FAMILY = "1,2";
			};
			name = Release;
		};
		3DB1F09D2555EA7200030D16 /* Debug */ = {
			isa = XCBuildConfiguration;
			buildSettings = {
				ALWAYS_EMBED_SWIFT_STANDARD_LIBRARIES = YES;
				BUNDLE_LOADER = "$(TEST_HOST)";
				CODE_SIGN_STYLE = Automatic;
				INFOPLIST_FILE = TableViewsContraintsTests/Info.plist;
				IPHONEOS_DEPLOYMENT_TARGET = 13.2;
				LD_RUNPATH_SEARCH_PATHS = (
					"$(inherited)",
					"@executable_path/Frameworks",
					"@loader_path/Frameworks",
				);
				PRODUCT_BUNDLE_IDENTIFIER = edu.ulsa.TableViewsContraintsTests;
				PRODUCT_NAME = "$(TARGET_NAME)";
				SWIFT_VERSION = 5.0;
				TARGETED_DEVICE_FAMILY = "1,2";
				TEST_HOST = "$(BUILT_PRODUCTS_DIR)/TableViewsContraints.app/TableViewsContraints";
			};
			name = Debug;
		};
		3DB1F09E2555EA7200030D16 /* Release */ = {
			isa = XCBuildConfiguration;
			buildSettings = {
				ALWAYS_EMBED_SWIFT_STANDARD_LIBRARIES = YES;
				BUNDLE_LOADER = "$(TEST_HOST)";
				CODE_SIGN_STYLE = Automatic;
				INFOPLIST_FILE = TableViewsContraintsTests/Info.plist;
				IPHONEOS_DEPLOYMENT_TARGET = 13.2;
				LD_RUNPATH_SEARCH_PATHS = (
					"$(inherited)",
					"@executable_path/Frameworks",
					"@loader_path/Frameworks",
				);
				PRODUCT_BUNDLE_IDENTIFIER = edu.ulsa.TableViewsContraintsTests;
				PRODUCT_NAME = "$(TARGET_NAME)";
				SWIFT_VERSION = 5.0;
				TARGETED_DEVICE_FAMILY = "1,2";
				TEST_HOST = "$(BUILT_PRODUCTS_DIR)/TableViewsContraints.app/TableViewsContraints";
			};
			name = Release;
		};
		3DB1F0A02555EA7200030D16 /* Debug */ = {
			isa = XCBuildConfiguration;
			buildSettings = {
				ALWAYS_EMBED_SWIFT_STANDARD_LIBRARIES = YES;
				CODE_SIGN_STYLE = Automatic;
				INFOPLIST_FILE = TableViewsContraintsUITests/Info.plist;
				LD_RUNPATH_SEARCH_PATHS = (
					"$(inherited)",
					"@executable_path/Frameworks",
					"@loader_path/Frameworks",
				);
				PRODUCT_BUNDLE_IDENTIFIER = edu.ulsa.TableViewsContraintsUITests;
				PRODUCT_NAME = "$(TARGET_NAME)";
				SWIFT_VERSION = 5.0;
				TARGETED_DEVICE_FAMILY = "1,2";
				TEST_TARGET_NAME = TableViewsContraints;
			};
			name = Debug;
		};
		3DB1F0A12555EA7200030D16 /* Release */ = {
			isa = XCBuildConfiguration;
			buildSettings = {
				ALWAYS_EMBED_SWIFT_STANDARD_LIBRARIES = YES;
				CODE_SIGN_STYLE = Automatic;
				INFOPLIST_FILE = TableViewsContraintsUITests/Info.plist;
				LD_RUNPATH_SEARCH_PATHS = (
					"$(inherited)",
					"@executable_path/Frameworks",
					"@loader_path/Frameworks",
				);
				PRODUCT_BUNDLE_IDENTIFIER = edu.ulsa.TableViewsContraintsUITests;
				PRODUCT_NAME = "$(TARGET_NAME)";
				SWIFT_VERSION = 5.0;
				TARGETED_DEVICE_FAMILY = "1,2";
				TEST_TARGET_NAME = TableViewsContraints;
			};
			name = Release;
		};
/* End XCBuildConfiguration section */

/* Begin XCConfigurationList section */
		3DB1F06A2555EA6B00030D16 /* Build configuration list for PBXProject "TableViewsContraints" */ = {
			isa = XCConfigurationList;
			buildConfigurations = (
				3DB1F0972555EA7200030D16 /* Debug */,
				3DB1F0982555EA7200030D16 /* Release */,
			);
			defaultConfigurationIsVisible = 0;
			defaultConfigurationName = Release;
		};
		3DB1F0992555EA7200030D16 /* Build configuration list for PBXNativeTarget "TableViewsContraints" */ = {
			isa = XCConfigurationList;
			buildConfigurations = (
				3DB1F09A2555EA7200030D16 /* Debug */,
				3DB1F09B2555EA7200030D16 /* Release */,
			);
			defaultConfigurationIsVisible = 0;
			defaultConfigurationName = Release;
		};
		3DB1F09C2555EA7200030D16 /* Build configuration list for PBXNativeTarget "TableViewsContraintsTests" */ = {
			isa = XCConfigurationList;
			buildConfigurations = (
				3DB1F09D2555EA7200030D16 /* Debug */,
				3DB1F09E2555EA7200030D16 /* Release */,
			);
			defaultConfigurationIsVisible = 0;
			defaultConfigurationName = Release;
		};
		3DB1F09F2555EA7200030D16 /* Build configuration list for PBXNativeTarget "TableViewsContraintsUITests" */ = {
			isa = XCConfigurationList;
			buildConfigurations = (
				3DB1F0A02555EA7200030D16 /* Debug */,
				3DB1F0A12555EA7200030D16 /* Release */,
			);
			defaultConfigurationIsVisible = 0;
			defaultConfigurationName = Release;
		};
/* End XCConfigurationList section */
	};
	rootObject = 3DB1F0672555EA6B00030D16 /* Project object */;
}
